
Microsoft Visual Studio Solution File, Format Version 12.00
# Visual Studio Version 17
VisualStudioVersion = 17.0.31903.59
MinimumVisualStudioVersion = 10.0.40219.1
Project("{FAE04EC0-301F-11D3-BF4B-00C04F79EFBC}") = "OpenTv.Core", "Core\OpenTv.Core.csproj", "{D270AAAE-94EC-4366-B76D-5434C4007352}"
EndProject
Project("{FAE04EC0-301F-11D3-BF4B-00C04F79EFBC}") = "OpenTv.Core.Vpn", "Core.Vpn\OpenTv.Core.Vpn.csproj", "{A5D8208C-3B1D-456A-9E73-991A2577093F}"
EndProject
Project("{FAE04EC0-301F-11D3-BF4B-00C04F79EFBC}") = "OpenTv.Windows.Vpn", "Windows.Vpn\OpenTv.Windows.Vpn.csproj", "{B9A038C1-DD76-4808-AF51-DF4954A9728F}"
EndProject
Project("{FAE04EC0-301F-11D3-BF4B-00C04F79EFBC}") = "OpenTv.Windows.UI", "Windows.UI\OpenTv.Windows.UI.csproj", "{345D11CC-C638-454C-B64E-5FB2199FE649}"
EndProject
Global
	GlobalSection(SolutionConfigurationPlatforms) = preSolution
		Debug|Any CPU = Debug|Any CPU
		Release|Any CPU = Release|Any CPU
	EndGlobalSection
	GlobalSection(SolutionProperties) = preSolution
		HideSolutionNode = FALSE
	EndGlobalSection
	GlobalSection(ProjectConfigurationPlatforms) = postSolution
		{D270AAAE-94EC-4366-B76D-5434C4007352}.Debug|Any CPU.ActiveCfg = Debug|Any CPU
		{D270AAAE-94EC-4366-B76D-5434C4007352}.Debug|Any CPU.Build.0 = Debug|Any CPU
		{D270AAAE-94EC-4366-B76D-5434C4007352}.Release|Any CPU.ActiveCfg = Release|Any CPU
		{D270AAAE-94EC-4366-B76D-5434C4007352}.Release|Any CPU.Build.0 = Release|Any CPU
		{A5D8208C-3B1D-456A-9E73-991A2577093F}.Debug|Any CPU.ActiveCfg = Debug|Any CPU
		{A5D8208C-3B1D-456A-9E73-991A2577093F}.Debug|Any CPU.Build.0 = Debug|Any CPU
		{A5D8208C-3B1D-456A-9E73-991A2577093F}.Release|Any CPU.ActiveCfg = Release|Any CPU
		{A5D8208C-3B1D-456A-9E73-991A2577093F}.Release|Any CPU.Build.0 = Release|Any CPU
		{B9A038C1-DD76-4808-AF51-DF4954A9728F}.Debug|Any CPU.ActiveCfg = Debug|Any CPU
		{B9A038C1-DD76-4808-AF51-DF4954A9728F}.Debug|Any CPU.Build.0 = Debug|Any CPU
		{B9A038C1-DD76-4808-AF51-DF4954A9728F}.Release|Any CPU.ActiveCfg = Release|Any CPU
		{B9A038C1-DD76-4808-AF51-DF4954A9728F}.Release|Any CPU.Build.0 = Release|Any CPU
		{345D11CC-C638-454C-B64E-5FB2199FE649}.Debug|Any CPU.ActiveCfg = Debug|Any CPU
		{345D11CC-C638-454C-B64E-5FB2199FE649}.Debug|Any CPU.Build.0 = Debug|Any CPU
		{345D11CC-C638-454C-B64E-5FB2199FE649}.Release|Any CPU.ActiveCfg = Release|Any CPU
		{345D11CC-C638-454C-B64E-5FB2199FE649}.Release|Any CPU.Build.0 = Release|Any CPU
	EndGlobalSection
EndGlobal
