
Microsoft Visual Studio Solution File, Format Version 12.00
# Visual Studio Version 17
VisualStudioVersion = 17.0.31903.59
MinimumVisualStudioVersion = 10.0.40219.1
Project("{FAE04EC0-301F-11D3-BF4B-00C04F79EFBC}") = "WireTv.Core", "Core\WireTv.Core.csproj", "{D270AAAE-94EC-4366-B76D-5434C4007352}"
EndProject
Project("{FAE04EC0-301F-11D3-BF4B-00C04F79EFBC}") = "WireTv.Core.Vpn", "Core.Vpn\WireTv.Core.Vpn.csproj", "{A5D8208C-3B1D-456A-9E73-991A2577093F}"
EndProject
Project("{FAE04EC0-301F-11D3-BF4B-00C04F79EFBC}") = "WireTv.Windows.Vpn", "Windows.Vpn\WireTv.Windows.Vpn.csproj", "{B9A038C1-DD76-4808-AF51-DF4954A9728F}"
EndProject
Project("{FAE04EC0-301F-11D3-BF4B-00C04F79EFBC}") = "WireTv.Windows.UI", "Windows.UI\WireTv.Windows.UI.csproj", "{345D11CC-C638-454C-B64E-5FB2199FE649}"
EndProject
Project("{2150E333-8FDC-42A3-9474-1A3956D46DE8}") = "Shared.UI", "Shared.UI", "{8C6E262D-1CDD-A4C9-69A4-B275D73EA997}"
EndProject
Project("{FAE04EC0-301F-11D3-BF4B-00C04F79EFBC}") = "WireTv.Shared.UI", "Shared.UI\WireTv.Shared.UI.csproj", "{D9FB5AE2-FBDB-4B44-A6A4-E81D42AA5573}"
EndProject
Project("{2150E333-8FDC-42A3-9474-1A3956D46DE8}") = "Droid.UI", "Droid.UI", "{B51F4F77-D483-F551-27F1-CD9D2B60C8EC}"
EndProject
Project("{FAE04EC0-301F-11D3-BF4B-00C04F79EFBC}") = "WireTv.Droid.UI", "Droid.UI\WireTv.Droid.UI.csproj", "{929541C1-44B3-4B54-99BE-CB5043332EAA}"
EndProject
Global
	GlobalSection(SolutionConfigurationPlatforms) = preSolution
		Debug|Any CPU = Debug|Any CPU
		Debug|x64 = Debug|x64
		Debug|x86 = Debug|x86
		Release|Any CPU = Release|Any CPU
		Release|x64 = Release|x64
		Release|x86 = Release|x86
	EndGlobalSection
	GlobalSection(ProjectConfigurationPlatforms) = postSolution
		{D270AAAE-94EC-4366-B76D-5434C4007352}.Debug|Any CPU.ActiveCfg = Debug|Any CPU
		{D270AAAE-94EC-4366-B76D-5434C4007352}.Debug|Any CPU.Build.0 = Debug|Any CPU
		{D270AAAE-94EC-4366-B76D-5434C4007352}.Debug|x64.ActiveCfg = Debug|Any CPU
		{D270AAAE-94EC-4366-B76D-5434C4007352}.Debug|x64.Build.0 = Debug|Any CPU
		{D270AAAE-94EC-4366-B76D-5434C4007352}.Debug|x86.ActiveCfg = Debug|Any CPU
		{D270AAAE-94EC-4366-B76D-5434C4007352}.Debug|x86.Build.0 = Debug|Any CPU
		{D270AAAE-94EC-4366-B76D-5434C4007352}.Release|Any CPU.ActiveCfg = Release|Any CPU
		{D270AAAE-94EC-4366-B76D-5434C4007352}.Release|Any CPU.Build.0 = Release|Any CPU
		{D270AAAE-94EC-4366-B76D-5434C4007352}.Release|x64.ActiveCfg = Release|Any CPU
		{D270AAAE-94EC-4366-B76D-5434C4007352}.Release|x64.Build.0 = Release|Any CPU
		{D270AAAE-94EC-4366-B76D-5434C4007352}.Release|x86.ActiveCfg = Release|Any CPU
		{D270AAAE-94EC-4366-B76D-5434C4007352}.Release|x86.Build.0 = Release|Any CPU
		{A5D8208C-3B1D-456A-9E73-991A2577093F}.Debug|Any CPU.ActiveCfg = Debug|Any CPU
		{A5D8208C-3B1D-456A-9E73-991A2577093F}.Debug|Any CPU.Build.0 = Debug|Any CPU
		{A5D8208C-3B1D-456A-9E73-991A2577093F}.Debug|x64.ActiveCfg = Debug|Any CPU
		{A5D8208C-3B1D-456A-9E73-991A2577093F}.Debug|x64.Build.0 = Debug|Any CPU
		{A5D8208C-3B1D-456A-9E73-991A2577093F}.Debug|x86.ActiveCfg = Debug|Any CPU
		{A5D8208C-3B1D-456A-9E73-991A2577093F}.Debug|x86.Build.0 = Debug|Any CPU
		{A5D8208C-3B1D-456A-9E73-991A2577093F}.Release|Any CPU.ActiveCfg = Release|Any CPU
		{A5D8208C-3B1D-456A-9E73-991A2577093F}.Release|Any CPU.Build.0 = Release|Any CPU
		{A5D8208C-3B1D-456A-9E73-991A2577093F}.Release|x64.ActiveCfg = Release|Any CPU
		{A5D8208C-3B1D-456A-9E73-991A2577093F}.Release|x64.Build.0 = Release|Any CPU
		{A5D8208C-3B1D-456A-9E73-991A2577093F}.Release|x86.ActiveCfg = Release|Any CPU
		{A5D8208C-3B1D-456A-9E73-991A2577093F}.Release|x86.Build.0 = Release|Any CPU
		{B9A038C1-DD76-4808-AF51-DF4954A9728F}.Debug|Any CPU.ActiveCfg = Debug|Any CPU
		{B9A038C1-DD76-4808-AF51-DF4954A9728F}.Debug|Any CPU.Build.0 = Debug|Any CPU
		{B9A038C1-DD76-4808-AF51-DF4954A9728F}.Debug|x64.ActiveCfg = Debug|Any CPU
		{B9A038C1-DD76-4808-AF51-DF4954A9728F}.Debug|x64.Build.0 = Debug|Any CPU
		{B9A038C1-DD76-4808-AF51-DF4954A9728F}.Debug|x86.ActiveCfg = Debug|Any CPU
		{B9A038C1-DD76-4808-AF51-DF4954A9728F}.Debug|x86.Build.0 = Debug|Any CPU
		{B9A038C1-DD76-4808-AF51-DF4954A9728F}.Release|Any CPU.ActiveCfg = Release|Any CPU
		{B9A038C1-DD76-4808-AF51-DF4954A9728F}.Release|Any CPU.Build.0 = Release|Any CPU
		{B9A038C1-DD76-4808-AF51-DF4954A9728F}.Release|x64.ActiveCfg = Release|Any CPU
		{B9A038C1-DD76-4808-AF51-DF4954A9728F}.Release|x64.Build.0 = Release|Any CPU
		{B9A038C1-DD76-4808-AF51-DF4954A9728F}.Release|x86.ActiveCfg = Release|Any CPU
		{B9A038C1-DD76-4808-AF51-DF4954A9728F}.Release|x86.Build.0 = Release|Any CPU
		{345D11CC-C638-454C-B64E-5FB2199FE649}.Debug|Any CPU.ActiveCfg = Debug|Any CPU
		{345D11CC-C638-454C-B64E-5FB2199FE649}.Debug|Any CPU.Build.0 = Debug|Any CPU
		{345D11CC-C638-454C-B64E-5FB2199FE649}.Debug|x64.ActiveCfg = Debug|Any CPU
		{345D11CC-C638-454C-B64E-5FB2199FE649}.Debug|x64.Build.0 = Debug|Any CPU
		{345D11CC-C638-454C-B64E-5FB2199FE649}.Debug|x86.ActiveCfg = Debug|Any CPU
		{345D11CC-C638-454C-B64E-5FB2199FE649}.Debug|x86.Build.0 = Debug|Any CPU
		{345D11CC-C638-454C-B64E-5FB2199FE649}.Release|Any CPU.ActiveCfg = Release|Any CPU
		{345D11CC-C638-454C-B64E-5FB2199FE649}.Release|Any CPU.Build.0 = Release|Any CPU
		{345D11CC-C638-454C-B64E-5FB2199FE649}.Release|x64.ActiveCfg = Release|Any CPU
		{345D11CC-C638-454C-B64E-5FB2199FE649}.Release|x64.Build.0 = Release|Any CPU
		{345D11CC-C638-454C-B64E-5FB2199FE649}.Release|x86.ActiveCfg = Release|Any CPU
		{345D11CC-C638-454C-B64E-5FB2199FE649}.Release|x86.Build.0 = Release|Any CPU
		{D9FB5AE2-FBDB-4B44-A6A4-E81D42AA5573}.Debug|Any CPU.ActiveCfg = Debug|Any CPU
		{D9FB5AE2-FBDB-4B44-A6A4-E81D42AA5573}.Debug|Any CPU.Build.0 = Debug|Any CPU
		{D9FB5AE2-FBDB-4B44-A6A4-E81D42AA5573}.Debug|x64.ActiveCfg = Debug|Any CPU
		{D9FB5AE2-FBDB-4B44-A6A4-E81D42AA5573}.Debug|x64.Build.0 = Debug|Any CPU
		{D9FB5AE2-FBDB-4B44-A6A4-E81D42AA5573}.Debug|x86.ActiveCfg = Debug|Any CPU
		{D9FB5AE2-FBDB-4B44-A6A4-E81D42AA5573}.Debug|x86.Build.0 = Debug|Any CPU
		{D9FB5AE2-FBDB-4B44-A6A4-E81D42AA5573}.Release|Any CPU.ActiveCfg = Release|Any CPU
		{D9FB5AE2-FBDB-4B44-A6A4-E81D42AA5573}.Release|Any CPU.Build.0 = Release|Any CPU
		{D9FB5AE2-FBDB-4B44-A6A4-E81D42AA5573}.Release|x64.ActiveCfg = Release|Any CPU
		{D9FB5AE2-FBDB-4B44-A6A4-E81D42AA5573}.Release|x64.Build.0 = Release|Any CPU
		{D9FB5AE2-FBDB-4B44-A6A4-E81D42AA5573}.Release|x86.ActiveCfg = Release|Any CPU
		{D9FB5AE2-FBDB-4B44-A6A4-E81D42AA5573}.Release|x86.Build.0 = Release|Any CPU
		{929541C1-44B3-4B54-99BE-CB5043332EAA}.Debug|Any CPU.ActiveCfg = Debug|Any CPU
		{929541C1-44B3-4B54-99BE-CB5043332EAA}.Debug|Any CPU.Build.0 = Debug|Any CPU
		{929541C1-44B3-4B54-99BE-CB5043332EAA}.Debug|x64.ActiveCfg = Debug|Any CPU
		{929541C1-44B3-4B54-99BE-CB5043332EAA}.Debug|x64.Build.0 = Debug|Any CPU
		{929541C1-44B3-4B54-99BE-CB5043332EAA}.Debug|x86.ActiveCfg = Debug|Any CPU
		{929541C1-44B3-4B54-99BE-CB5043332EAA}.Debug|x86.Build.0 = Debug|Any CPU
		{929541C1-44B3-4B54-99BE-CB5043332EAA}.Release|Any CPU.ActiveCfg = Release|Any CPU
		{929541C1-44B3-4B54-99BE-CB5043332EAA}.Release|Any CPU.Build.0 = Release|Any CPU
		{929541C1-44B3-4B54-99BE-CB5043332EAA}.Release|x64.ActiveCfg = Release|Any CPU
		{929541C1-44B3-4B54-99BE-CB5043332EAA}.Release|x64.Build.0 = Release|Any CPU
		{929541C1-44B3-4B54-99BE-CB5043332EAA}.Release|x86.ActiveCfg = Release|Any CPU
		{929541C1-44B3-4B54-99BE-CB5043332EAA}.Release|x86.Build.0 = Release|Any CPU
	EndGlobalSection
	GlobalSection(SolutionProperties) = preSolution
		HideSolutionNode = FALSE
	EndGlobalSection
	GlobalSection(NestedProjects) = preSolution
		{D9FB5AE2-FBDB-4B44-A6A4-E81D42AA5573} = {8C6E262D-1CDD-A4C9-69A4-B275D73EA997}
		{929541C1-44B3-4B54-99BE-CB5043332EAA} = {B51F4F77-D483-F551-27F1-CD9D2B60C8EC}
	EndGlobalSection
EndGlobal
